
Microsoft Visual Studio Solution File, Format Version 12.00
# Visual Studio Version 17
VisualStudioVersion = 17.7.34018.315
MinimumVisualStudioVersion = 10.0.40219.1
Project("{FAE04EC0-301F-11D3-BF4B-00C04F79EFBC}") = "Meninx.BookInventory.App", "Meninx.BookInventory.App\Meninx.BookInventory.App.csproj", "{9ED27E7C-0BF5-4295-AE42-6F3888E0359D}"
EndProject
Project("{FAE04EC0-301F-11D3-BF4B-00C04F79EFBC}") = "Meninx.BookInventory.Core", "Meninx.BookInventory.Core\Meninx.BookInventory.Core.csproj", "{5B705F4D-9629-4D4A-BB8B-CE77F3CEDB94}"
EndProject
Project("{FAE04EC0-301F-11D3-BF4B-00C04F79EFBC}") = "Meninx.BookInventory.Domain", "Meninx.BookInventory.Domain\Meninx.BookInventory.Domain.csproj", "{C9394DA2-EEDA-4491-9FC4-6915DCFD3A6B}"
EndProject
Project("{FAE04EC0-301F-11D3-BF4B-00C04F79EFBC}") = "Meninx.BookInventory.Infrastructure", "Meninx.BookInventory.Infrastructure\Meninx.BookInventory.Infrastructure.csproj", "{E9FE6F44-6688-46A2-B671-E31BAD4E38DD}"
EndProject
Project("{FAE04EC0-301F-11D3-BF4B-00C04F79EFBC}") = "Meninx.BookInventory.Tests", "Meninx.BookInventory.Tests\Meninx.BookInventory.Tests.csproj", "{A7A0CF30-D647-4CAE-B826-5CE5FAD5572F}"
EndProject
Global
	GlobalSection(SolutionConfigurationPlatforms) = preSolution
		Debug|Any CPU = Debug|Any CPU
		Release|Any CPU = Release|Any CPU
	EndGlobalSection
	GlobalSection(ProjectConfigurationPlatforms) = postSolution
		{9ED27E7C-0BF5-4295-AE42-6F3888E0359D}.Debug|Any CPU.ActiveCfg = Debug|Any CPU
		{9ED27E7C-0BF5-4295-AE42-6F3888E0359D}.Debug|Any CPU.Build.0 = Debug|Any CPU
		{9ED27E7C-0BF5-4295-AE42-6F3888E0359D}.Release|Any CPU.ActiveCfg = Release|Any CPU
		{9ED27E7C-0BF5-4295-AE42-6F3888E0359D}.Release|Any CPU.Build.0 = Release|Any CPU
		{5B705F4D-9629-4D4A-BB8B-CE77F3CEDB94}.Debug|Any CPU.ActiveCfg = Debug|Any CPU
		{5B705F4D-9629-4D4A-BB8B-CE77F3CEDB94}.Debug|Any CPU.Build.0 = Debug|Any CPU
		{5B705F4D-9629-4D4A-BB8B-CE77F3CEDB94}.Release|Any CPU.ActiveCfg = Release|Any CPU
		{5B705F4D-9629-4D4A-BB8B-CE77F3CEDB94}.Release|Any CPU.Build.0 = Release|Any CPU
		{C9394DA2-EEDA-4491-9FC4-6915DCFD3A6B}.Debug|Any CPU.ActiveCfg = Debug|Any CPU
		{C9394DA2-EEDA-4491-9FC4-6915DCFD3A6B}.Debug|Any CPU.Build.0 = Debug|Any CPU
		{C9394DA2-EEDA-4491-9FC4-6915DCFD3A6B}.Release|Any CPU.ActiveCfg = Release|Any CPU
		{C9394DA2-EEDA-4491-9FC4-6915DCFD3A6B}.Release|Any CPU.Build.0 = Release|Any CPU
		{E9FE6F44-6688-46A2-B671-E31BAD4E38DD}.Debug|Any CPU.ActiveCfg = Debug|Any CPU
		{E9FE6F44-6688-46A2-B671-E31BAD4E38DD}.Debug|Any CPU.Build.0 = Debug|Any CPU
		{E9FE6F44-6688-46A2-B671-E31BAD4E38DD}.Release|Any CPU.ActiveCfg = Release|Any CPU
		{E9FE6F44-6688-46A2-B671-E31BAD4E38DD}.Release|Any CPU.Build.0 = Release|Any CPU
		{A7A0CF30-D647-4CAE-B826-5CE5FAD5572F}.Debug|Any CPU.ActiveCfg = Debug|Any CPU
		{A7A0CF30-D647-4CAE-B826-5CE5FAD5572F}.Debug|Any CPU.Build.0 = Debug|Any CPU
		{A7A0CF30-D647-4CAE-B826-5CE5FAD5572F}.Release|Any CPU.ActiveCfg = Release|Any CPU
		{A7A0CF30-D647-4CAE-B826-5CE5FAD5572F}.Release|Any CPU.Build.0 = Release|Any CPU
	EndGlobalSection
	GlobalSection(SolutionProperties) = preSolution
		HideSolutionNode = FALSE
	EndGlobalSection
	GlobalSection(ExtensibilityGlobals) = postSolution
		SolutionGuid = {F239F7C8-3B2A-436F-8947-42120601EE5C}
	EndGlobalSection
EndGlobal
